
Microsoft Visual Studio Solution File, Format Version 12.00
# Visual Studio Version 17
VisualStudioVersion = 17.0.31903.59
MinimumVisualStudioVersion = 10.0.40219.1
Project("{FAE04EC0-301F-11D3-BF4B-00C04F79EFBC}") = "BuberBreakfast.Contracts", "BuberBreakfast.Contracts\BuberBreakfast.Contracts.csproj", "{3A9EEB39-5684-46B0-97D8-FA430F9AAC86}"
EndProject
Project("{FAE04EC0-301F-11D3-BF4B-00C04F79EFBC}") = "BuberBreakfast", "BuberBreakfast\BuberBreakfast.csproj", "{A5187807-94AC-4916-ACE2-224D16E3E1DF}"
EndProject
Global
	GlobalSection(SolutionConfigurationPlatforms) = preSolution
		Debug|Any CPU = Debug|Any CPU
		Release|Any CPU = Release|Any CPU
	EndGlobalSection
	GlobalSection(SolutionProperties) = preSolution
		HideSolutionNode = FALSE
	EndGlobalSection
	GlobalSection(ProjectConfigurationPlatforms) = postSolution
		{3A9EEB39-5684-46B0-97D8-FA430F9AAC86}.Debug|Any CPU.ActiveCfg = Debug|Any CPU
		{3A9EEB39-5684-46B0-97D8-FA430F9AAC86}.Debug|Any CPU.Build.0 = Debug|Any CPU
		{3A9EEB39-5684-46B0-97D8-FA430F9AAC86}.Release|Any CPU.ActiveCfg = Release|Any CPU
		{3A9EEB39-5684-46B0-97D8-FA430F9AAC86}.Release|Any CPU.Build.0 = Release|Any CPU
		{A5187807-94AC-4916-ACE2-224D16E3E1DF}.Debug|Any CPU.ActiveCfg = Debug|Any CPU
		{A5187807-94AC-4916-ACE2-224D16E3E1DF}.Debug|Any CPU.Build.0 = Debug|Any CPU
		{A5187807-94AC-4916-ACE2-224D16E3E1DF}.Release|Any CPU.ActiveCfg = Release|Any CPU
		{A5187807-94AC-4916-ACE2-224D16E3E1DF}.Release|Any CPU.Build.0 = Release|Any CPU
	EndGlobalSection
EndGlobal
